# This file is @generated by PDM.
# It is not intended for manual editing.

[metadata]
groups = ["default"]
strategy = ["inherit_metadata"]
lock_version = "4.5.0"
content_hash = "sha256:23dc1704b6bb44a8fd9a6e4f6d1e1d353a9ae6a36affac91d4c8c852da4086a1"

[[metadata.targets]]
requires_python = ">=3.11"

[[package]]
name = "annotated-types"
version = "0.7.0"
requires_python = ">=3.8"
summary = "Reusable constraint types to use with typing.Annotated"
groups = ["default"]
dependencies = [
    "typing-extensions>=4.0.0; python_version < \"3.9\"",
]
files = [
    {file = "annotated_types-0.7.0-py3-none-any.whl", hash = "sha256:1f02e8b43a8fbbc3f3e0d4f0f4bfc8131bcb4eebe8849b8e5c773f3a1c582a53"},
    {file = "annotated_types-0.7.0.tar.gz", hash = "sha256:aff07c09a53a08bc8cfccb9c85b05f1aa9a2a6f23728d790723543408344ce89"},
]

[[package]]
name = "anyio"
version = "4.4.0"
requires_python = ">=3.8"
summary = "High level compatibility layer for multiple asynchronous event loop implementations"
groups = ["default"]
dependencies = [
    "exceptiongroup>=1.0.2; python_version < \"3.11\"",
    "idna>=2.8",
    "sniffio>=1.1",
    "typing-extensions>=4.1; python_version < \"3.11\"",
]
files = [
    {file = "anyio-4.4.0-py3-none-any.whl", hash = "sha256:c1b2d8f46a8a812513012e1107cb0e68c17159a7a594208005a57dc776e1bdc7"},
    {file = "anyio-4.4.0.tar.gz", hash = "sha256:5aadc6a1bbb7cdb0bede386cac5e2940f5e2ff3aa20277e991cf028e0585ce94"},
]

[[package]]
name = "click"
version = "8.1.7"
requires_python = ">=3.7"
summary = "Composable command line interface toolkit"
groups = ["default"]
dependencies = [
    "colorama; platform_system == \"Windows\"",
    "importlib-metadata; python_version < \"3.8\"",
]
files = [
    {file = "click-8.1.7-py3-none-any.whl", hash = "sha256:ae74fb96c20a0277a1d615f1e4d73c8414f5a98db8b799a7931d1582f3390c28"},
    {file = "click-8.1.7.tar.gz", hash = "sha256:ca9853ad459e787e2192211578cc907e7594e294c7ccc834310722b41b9ca6de"},
]

[[package]]
name = "colorama"
version = "0.4.6"
requires_python = "!=3.0.*,!=3.1.*,!=3.2.*,!=3.3.*,!=3.4.*,!=3.5.*,!=3.6.*,>=2.7"
summary = "Cross-platform colored terminal text."
groups = ["default"]
marker = "platform_system == \"Windows\""
files = [
    {file = "colorama-0.4.6-py2.py3-none-any.whl", hash = "sha256:4f1d9991f5acc0ca119f9d443620b77f9d6b33703e51011c16baf57afb285fc6"},
    {file = "colorama-0.4.6.tar.gz", hash = "sha256:08695f5cb7ed6e0531a20572697297273c47b8cae5a63ffc6d6ed5c201be6e44"},
]

[[package]]
name = "fastapi"
version = "0.112.0"
requires_python = ">=3.8"
summary = "FastAPI framework, high performance, easy to learn, fast to code, ready for production"
groups = ["default"]
dependencies = [
    "pydantic!=1.8,!=1.8.1,!=2.0.0,!=2.0.1,!=2.1.0,<3.0.0,>=1.7.4",
    "starlette<0.38.0,>=0.37.2",
    "typing-extensions>=4.8.0",
]
files = [
    {file = "fastapi-0.112.0-py3-none-any.whl", hash = "sha256:3487ded9778006a45834b8c816ec4a48d522e2631ca9e75ec5a774f1b052f821"},
    {file = "fastapi-0.112.0.tar.gz", hash = "sha256:d262bc56b7d101d1f4e8fc0ad2ac75bb9935fec504d2b7117686cec50710cf05"},
]

[[package]]
name = "h11"
version = "0.14.0"
requires_python = ">=3.7"
summary = "A pure-Python, bring-your-own-I/O implementation of HTTP/1.1"
groups = ["default"]
dependencies = [
    "typing-extensions; python_version < \"3.8\"",
]
files = [
    {file = "h11-0.14.0-py3-none-any.whl", hash = "sha256:e3fe4ac4b851c468cc8363d500db52c2ead036020723024a109d37346efaa761"},
    {file = "h11-0.14.0.tar.gz", hash = "sha256:8f19fbbe99e72420ff35c00b27a34cb9937e902a8b810e2c88300c6f0a3b699d"},
]

[[package]]
name = "idna"
version = "3.7"
requires_python = ">=3.5"
summary = "Internationalized Domain Names in Applications (IDNA)"
groups = ["default"]
files = [
    {file = "idna-3.7-py3-none-any.whl", hash = "sha256:82fee1fc78add43492d3a1898bfa6d8a904cc97d8427f683ed8e798d07761aa0"},
    {file = "idna-3.7.tar.gz", hash = "sha256:028ff3aadf0609c1fd278d8ea3089299412a7a8b9bd005dd08b9f8285bcb5cfc"},
]

[[package]]
name = "pydantic"
version = "2.8.2"
requires_python = ">=3.8"
summary = "Data validation using Python type hints"
groups = ["default"]
dependencies = [
    "annotated-types>=0.4.0",
    "pydantic-core==2.20.1",
    "typing-extensions>=4.12.2; python_version >= \"3.13\"",
    "typing-extensions>=4.6.1; python_version < \"3.13\"",
]
files = [
    {file = "pydantic-2.8.2-py3-none-any.whl", hash = "sha256:73ee9fddd406dc318b885c7a2eab8a6472b68b8fb5ba8150949fc3db939f23c8"},
    {file = "pydantic-2.8.2.tar.gz", hash = "sha256:6f62c13d067b0755ad1c21a34bdd06c0c12625a22b0fc09c6b149816604f7c2a"},
]

[[package]]
name = "pydantic-core"
version = "2.20.1"
requires_python = ">=3.8"
summary = "Core functionality for Pydantic validation and serialization"
groups = ["default"]
dependencies = [
    "typing-extensions!=4.7.0,>=4.6.0",
]
files = [
    {file = "pydantic_core-2.20.1-cp311-cp311-macosx_10_12_x86_64.whl", hash = "sha256:d2a8fa9d6d6f891f3deec72f5cc668e6f66b188ab14bb1ab52422fe8e644f312"},
    {file = "pydantic_core-2.20.1-cp311-cp311-macosx_11_0_arm64.whl", hash = "sha256:175873691124f3d0da55aeea1d90660a6ea7a3cfea137c38afa0a5ffabe37b88"},
    {file = "pydantic_core-2.20.1-cp311-cp311-manylinux_2_17_aarch64.manylinux2014_aarch64.whl", hash = "sha256:37eee5b638f0e0dcd18d21f59b679686bbd18917b87db0193ae36f9c23c355fc"},
    {file = "pydantic_core-2.20.1-cp311-cp311-manylinux_2_17_armv7l.manylinux2014_armv7l.whl", hash = "sha256:25e9185e2d06c16ee438ed39bf62935ec436474a6ac4f9358524220f1b236e43"},
    {file = "pydantic_core-2.20.1-cp311-cp311-manylinux_2_17_ppc64le.manylinux2014_ppc64le.whl", hash = "sha256:150906b40ff188a3260cbee25380e7494ee85048584998c1e66df0c7a11c17a6"},
    {file = "pydantic_core-2.20.1-cp311-cp311-manylinux_2_17_s390x.manylinux2014_s390x.whl", hash = "sha256:8ad4aeb3e9a97286573c03df758fc7627aecdd02f1da04516a86dc159bf70121"},
    {file = "pydantic_core-2.20.1-cp311-cp311-manylinux_2_17_x86_64.manylinux2014_x86_64.whl", hash = "sha256:d3f3ed29cd9f978c604708511a1f9c2fdcb6c38b9aae36a51905b8811ee5cbf1"},
    {file = "pydantic_core-2.20.1-cp311-cp311-manylinux_2_5_i686.manylinux1_i686.whl", hash = "sha256:b0dae11d8f5ded51699c74d9548dcc5938e0804cc8298ec0aa0da95c21fff57b"},
    {file = "pydantic_core-2.20.1-cp311-cp311-musllinux_1_1_aarch64.whl", hash = "sha256:faa6b09ee09433b87992fb5a2859efd1c264ddc37280d2dd5db502126d0e7f27"},
    {file = "pydantic_core-2.20.1-cp311-cp311-musllinux_1_1_x86_64.whl", hash = "sha256:9dc1b507c12eb0481d071f3c1808f0529ad41dc415d0ca11f7ebfc666e66a18b"},
    {file = "pydantic_core-2.20.1-cp311-none-win32.whl", hash = "sha256:fa2fddcb7107e0d1808086ca306dcade7df60a13a6c347a7acf1ec139aa6789a"},
    {file = "pydantic_core-2.20.1-cp311-none-win_amd64.whl", hash = "sha256:40a783fb7ee353c50bd3853e626f15677ea527ae556429453685ae32280c19c2"},
    {file = "pydantic_core-2.20.1-cp312-cp312-macosx_10_12_x86_64.whl", hash = "sha256:595ba5be69b35777474fa07f80fc260ea71255656191adb22a8c53aba4479231"},
    {file = "pydantic_core-2.20.1-cp312-cp312-macosx_11_0_arm64.whl", hash = "sha256:a4f55095ad087474999ee28d3398bae183a66be4823f753cd7d67dd0153427c9"},
    {file = "pydantic_core-2.20.1-cp312-cp312-manylinux_2_17_aarch64.manylinux2014_aarch64.whl", hash = "sha256:f9aa05d09ecf4c75157197f27cdc9cfaeb7c5f15021c6373932bf3e124af029f"},
    {file = "pydantic_core-2.20.1-cp312-cp312-manylinux_2_17_armv7l.manylinux2014_armv7l.whl", hash = "sha256:e97fdf088d4b31ff4ba35db26d9cc472ac7ef4a2ff2badeabf8d727b3377fc52"},
    {file = "pydantic_core-2.20.1-cp312-cp312-manylinux_2_17_ppc64le.manylinux2014_ppc64le.whl", hash = "sha256:bc633a9fe1eb87e250b5c57d389cf28998e4292336926b0b6cdaee353f89a237"},
    {file = "pydantic_core-2.20.1-cp312-cp312-manylinux_2_17_s390x.manylinux2014_s390x.whl", hash = "sha256:d573faf8eb7e6b1cbbcb4f5b247c60ca8be39fe2c674495df0eb4318303137fe"},
    {file = "pydantic_core-2.20.1-cp312-cp312-manylinux_2_17_x86_64.manylinux2014_x86_64.whl", hash = "sha256:26dc97754b57d2fd00ac2b24dfa341abffc380b823211994c4efac7f13b9e90e"},
    {file = "pydantic_core-2.20.1-cp312-cp312-manylinux_2_5_i686.manylinux1_i686.whl", hash = "sha256:33499e85e739a4b60c9dac710c20a08dc73cb3240c9a0e22325e671b27b70d24"},
    {file = "pydantic_core-2.20.1-cp312-cp312-musllinux_1_1_aarch64.whl", hash = "sha256:bebb4d6715c814597f85297c332297c6ce81e29436125ca59d1159b07f423eb1"},
    {file = "pydantic_core-2.20.1-cp312-cp312-musllinux_1_1_x86_64.whl", hash = "sha256:516d9227919612425c8ef1c9b869bbbee249bc91912c8aaffb66116c0b447ebd"},
    {file = "pydantic_core-2.20.1-cp312-none-win32.whl", hash = "sha256:469f29f9093c9d834432034d33f5fe45699e664f12a13bf38c04967ce233d688"},
    {file = "pydantic_core-2.20.1-cp312-none-win_amd64.whl", hash = "sha256:035ede2e16da7281041f0e626459bcae33ed998cca6a0a007a5ebb73414ac72d"},
    {file = "pydantic_core-2.20.1-cp313-cp313-macosx_10_12_x86_64.whl", hash = "sha256:0827505a5c87e8aa285dc31e9ec7f4a17c81a813d45f70b1d9164e03a813a686"},
    {file = "pydantic_core-2.20.1-cp313-cp313-macosx_11_0_arm64.whl", hash = "sha256:19c0fa39fa154e7e0b7f82f88ef85faa2a4c23cc65aae2f5aea625e3c13c735a"},
    {file = "pydantic_core-2.20.1-cp313-cp313-manylinux_2_17_aarch64.manylinux2014_aarch64.whl", hash = "sha256:4aa223cd1e36b642092c326d694d8bf59b71ddddc94cdb752bbbb1c5c91d833b"},
    {file = "pydantic_core-2.20.1-cp313-cp313-manylinux_2_17_armv7l.manylinux2014_armv7l.whl", hash = "sha256:c336a6d235522a62fef872c6295a42ecb0c4e1d0f1a3e500fe949415761b8a19"},
    {file = "pydantic_core-2.20.1-cp313-cp313-manylinux_2_17_ppc64le.manylinux2014_ppc64le.whl", hash = "sha256:7eb6a0587eded33aeefea9f916899d42b1799b7b14b8f8ff2753c0ac1741edac"},
    {file = "pydantic_core-2.20.1-cp313-cp313-manylinux_2_17_s390x.manylinux2014_s390x.whl", hash = "sha256:70c8daf4faca8da5a6d655f9af86faf6ec2e1768f4b8b9d0226c02f3d6209703"},
    {file = "pydantic_core-2.20.1-cp313-cp313-manylinux_2_17_x86_64.manylinux2014_x86_64.whl", hash = "sha256:e9fa4c9bf273ca41f940bceb86922a7667cd5bf90e95dbb157cbb8441008482c"},
    {file = "pydantic_core-2.20.1-cp313-cp313-manylinux_2_5_i686.manylinux1_i686.whl", hash = "sha256:11b71d67b4725e7e2a9f6e9c0ac1239bbc0c48cce3dc59f98635efc57d6dac83"},
    {file = "pydantic_core-2.20.1-cp313-cp313-musllinux_1_1_aarch64.whl", hash = "sha256:270755f15174fb983890c49881e93f8f1b80f0b5e3a3cc1394a255706cabd203"},
    {file = "pydantic_core-2.20.1-cp313-cp313-musllinux_1_1_x86_64.whl", hash = "sha256:c81131869240e3e568916ef4c307f8b99583efaa60a8112ef27a366eefba8ef0"},
    {file = "pydantic_core-2.20.1-cp313-none-win32.whl", hash = "sha256:b91ced227c41aa29c672814f50dbb05ec93536abf8f43cd14ec9521ea09afe4e"},
    {file = "pydantic_core-2.20.1-cp313-none-win_amd64.whl", hash = "sha256:65db0f2eefcaad1a3950f498aabb4875c8890438bc80b19362cf633b87a8ab20"},
    {file = "pydantic_core-2.20.1.tar.gz", hash = "sha256:26ca695eeee5f9f1aeeb211ffc12f10bcb6f71e2989988fda61dabd65db878d4"},
]

[[package]]
name = "sniffio"
version = "1.3.1"
requires_python = ">=3.7"
summary = "Sniff out which async library your code is running under"
groups = ["default"]
files = [
    {file = "sniffio-1.3.1-py3-none-any.whl", hash = "sha256:2f6da418d1f1e0fddd844478f41680e794e6051915791a034ff65e5f100525a2"},
    {file = "sniffio-1.3.1.tar.gz", hash = "sha256:f4324edc670a0f49750a81b895f35c3adb843cca46f0530f79fc1babb23789dc"},
]

[[package]]
name = "starlette"
version = "0.37.2"
requires_python = ">=3.8"
summary = "The little ASGI library that shines."
groups = ["default"]
dependencies = [
    "anyio<5,>=3.4.0",
    "typing-extensions>=3.10.0; python_version < \"3.10\"",
]
files = [
    {file = "starlette-0.37.2-py3-none-any.whl", hash = "sha256:6fe59f29268538e5d0d182f2791a479a0c64638e6935d1c6989e63fb2699c6ee"},
    {file = "starlette-0.37.2.tar.gz", hash = "sha256:9af890290133b79fc3db55474ade20f6220a364a0402e0b556e7cd5e1e093823"},
]

[[package]]
name = "typing-extensions"
version = "4.12.2"
requires_python = ">=3.8"
summary = "Backported and Experimental Type Hints for Python 3.8+"
groups = ["default"]
files = [
    {file = "typing_extensions-4.12.2-py3-none-any.whl", hash = "sha256:04e5ca0351e0f3f85c6853954072df659d0d13fac324d0072316b67d7794700d"},
    {file = "typing_extensions-4.12.2.tar.gz", hash = "sha256:1a7ead55c7e559dd4dee8856e3a88b41225abfe1ce8df57b7c13915fe121ffb8"},
]

[[package]]
name = "unicorn"
version = "2.0.1.post1"
summary = "Unicorn CPU emulator engine"
groups = ["default"]
files = [
    {file = "unicorn-2.0.1.post1-py2.py3-none-macosx_10_15_x86_64.whl", hash = "sha256:2d3eb3ec7eabbc4e66b4d853e11b27c426ce03072860c756139ed2191588751c"},
    {file = "unicorn-2.0.1.post1-py2.py3-none-manylinux1_i686.manylinux_2_17_i686.manylinux2014_i686.whl", hash = "sha256:2b3eba8848f3cfd43ed5f3128f01880ecc4e73e6b36c1e5e951177db0fb9c03b"},
    {file = "unicorn-2.0.1.post1-py2.py3-none-manylinux1_i686.whl", hash = "sha256:4cf11d4883160dd3c4967bb3187dd886cdca4422884b315ace436af6047aae0d"},
    {file = "unicorn-2.0.1.post1-py2.py3-none-manylinux1_x86_64.manylinux_2_17_x86_64.manylinux2014_x86_64.whl", hash = "sha256:45be711d2bc8b82d07f2e0bdde128f3e9408c42978a3ed5edf709bce5350fcdf"},
    {file = "unicorn-2.0.1.post1-py2.py3-none-manylinux1_x86_64.whl", hash = "sha256:5ed85a0b7bbfa47dd029272e071c814f21e9dacc2eefd63521f4d638ff1d6db9"},
    {file = "unicorn-2.0.1.post1-py2.py3-none-manylinux2014_aarch64.whl", hash = "sha256:0bd05f9ae6b86b1326e6c3c1d1f3e51264b479cd1961388fd0da0ae674ec0195"},
    {file = "unicorn-2.0.1.post1-py2.py3-none-win32.whl", hash = "sha256:9f0e3bbe207a6d2ddd3dff528bf3b2251c8e11d0fb4bab2338dff01475f6f41b"},
    {file = "unicorn-2.0.1.post1-py2.py3-none-win_amd64.whl", hash = "sha256:7145fe448d17b2377b18e08e0521749cf0f94b9d3fe8b67c032bb4c932a21c29"},
    {file = "unicorn-2.0.1.post1.tar.gz", hash = "sha256:7fc69523eb83b4c8abc7cb4410ca21875e066c34b7afe998f59481e830d28e56"},
]

[[package]]
name = "uvicorn"
version = "0.30.5"
requires_python = ">=3.8"
summary = "The lightning-fast ASGI server."
groups = ["default"]
dependencies = [
    "click>=7.0",
    "h11>=0.8",
    "typing-extensions>=4.0; python_version < \"3.11\"",
]
files = [
    {file = "uvicorn-0.30.5-py3-none-any.whl", hash = "sha256:b2d86de274726e9878188fa07576c9ceeff90a839e2b6e25c917fe05f5a6c835"},
    {file = "uvicorn-0.30.5.tar.gz", hash = "sha256:ac6fdbd4425c5fd17a9fe39daf4d4d075da6fdc80f653e5894cdc2fd98752bee"},
]
